
Microsoft Visual Studio Solution File, Format Version 12.00
# Visual Studio Version 16
VisualStudioVersion = 16.0.31402.337
MinimumVisualStudioVersion = 10.0.40219.1
Project("{888888A0-9F3D-457C-B088-3A5042F75D52}") = "K-Means Clustering", "K-Means Clustering\K-Means Clustering.pyproj", "{06F955DA-47D1-4C67-BBCF-272C43B5357C}"
EndProject
Global
	GlobalSection(SolutionConfigurationPlatforms) = preSolution
		Debug|Any CPU = Debug|Any CPU
		Release|Any CPU = Release|Any CPU
	EndGlobalSection
	GlobalSection(ProjectConfigurationPlatforms) = postSolution
		{06F955DA-47D1-4C67-BBCF-272C43B5357C}.Debug|Any CPU.ActiveCfg = Debug|Any CPU
		{06F955DA-47D1-4C67-BBCF-272C43B5357C}.Release|Any CPU.ActiveCfg = Release|Any CPU
	EndGlobalSection
	GlobalSection(SolutionProperties) = preSolution
		HideSolutionNode = FALSE
	EndGlobalSection
	GlobalSection(ExtensibilityGlobals) = postSolution
		SolutionGuid = {9C166B90-2AF1-466F-8816-411CF1B79891}
	EndGlobalSection
EndGlobal
